
Microsoft Visual Studio Solution File, Format Version 12.00
# Visual Studio Version 17
VisualStudioVersion = 17.2.32516.85
MinimumVisualStudioVersion = 10.0.40219.1
Project("{FAE04EC0-301F-11D3-BF4B-00C04F79EFBC}") = "PYHDATA.NETFramework", "PYHDATA.NETFramework\PYHDATA.NETFramework.csproj", "{F02125A5-E809-47D7-A1AC-6F5D9C59B33B}"
EndProject
Project("{FAE04EC0-301F-11D3-BF4B-00C04F79EFBC}") = "HMZ.App", "HMZ.App\HMZ.App.csproj", "{6C1368E5-8960-4EC0-9D57-987D13800BE1}"
EndProject
Global
	GlobalSection(SolutionConfigurationPlatforms) = preSolution
		Debug|Any CPU = Debug|Any CPU
		Release|Any CPU = Release|Any CPU
	EndGlobalSection
	GlobalSection(ProjectConfigurationPlatforms) = postSolution
		{F02125A5-E809-47D7-A1AC-6F5D9C59B33B}.Debug|Any CPU.ActiveCfg = Debug|Any CPU
		{F02125A5-E809-47D7-A1AC-6F5D9C59B33B}.Debug|Any CPU.Build.0 = Debug|Any CPU
		{F02125A5-E809-47D7-A1AC-6F5D9C59B33B}.Release|Any CPU.ActiveCfg = Release|Any CPU
		{F02125A5-E809-47D7-A1AC-6F5D9C59B33B}.Release|Any CPU.Build.0 = Release|Any CPU
		{6C1368E5-8960-4EC0-9D57-987D13800BE1}.Debug|Any CPU.ActiveCfg = Debug|Any CPU
		{6C1368E5-8960-4EC0-9D57-987D13800BE1}.Debug|Any CPU.Build.0 = Debug|Any CPU
		{6C1368E5-8960-4EC0-9D57-987D13800BE1}.Release|Any CPU.ActiveCfg = Release|Any CPU
		{6C1368E5-8960-4EC0-9D57-987D13800BE1}.Release|Any CPU.Build.0 = Release|Any CPU
	EndGlobalSection
	GlobalSection(SolutionProperties) = preSolution
		HideSolutionNode = FALSE
	EndGlobalSection
	GlobalSection(ExtensibilityGlobals) = postSolution
		SolutionGuid = {19CFF72A-395A-4CBE-B6B4-C644C50B0DE6}
	EndGlobalSection
EndGlobal
